// !$*UTF8*$!
{
	archiveVersion = 1;
	classes = {
	};
	objectVersion = 46;
	objects = {

/* Begin PBXBuildFile section */
		B950DAA01D814B9A008D7EAB /* AppDelegate.swift in Sources */ = {isa = PBXBuildFile; fileRef = B950DA9F1D814B9A008D7EAB /* AppDelegate.swift */; };
		B950DAA21D814B9A008D7EAB /* SearchViewController.swift in Sources */ = {isa = PBXBuildFile; fileRef = B950DAA11D814B9A008D7EAB /* SearchViewController.swift */; };
		B950DAA51D814B9A008D7EAB /* Main.storyboard in Resources */ = {isa = PBXBuildFile; fileRef = B950DAA31D814B9A008D7EAB /* Main.storyboard */; };
		B950DAA71D814B9A008D7EAB /* Assets.xcassets in Resources */ = {isa = PBXBuildFile; fileRef = B950DAA61D814B9A008D7EAB /* Assets.xcassets */; };
		B950DAAA1D814B9A008D7EAB /* LaunchScreen.storyboard in Resources */ = {isa = PBXBuildFile; fileRef = B950DAA81D814B9A008D7EAB /* LaunchScreen.storyboard */; };
		B950DAB21D8159CA008D7EAB /* SearchResult.swift in Sources */ = {isa = PBXBuildFile; fileRef = B950DAB11D8159CA008D7EAB /* SearchResult.swift */; };
/* End PBXBuildFile section */

/* Begin PBXFileReference section */
		B950DA9C1D814B9A008D7EAB /* StoreSearch.app */ = {isa = PBXFileReference; explicitFileType = wrapper.application; includeInIndex = 0; path = StoreSearch.app; sourceTree = BUILT_PRODUCTS_DIR; };
		B950DA9F1D814B9A008D7EAB /* AppDelegate.swift */ = {isa = PBXFileReference; lastKnownFileType = sourcecode.swift; path = AppDelegate.swift; sourceTree = "<group>"; };
		B950DAA11D814B9A008D7EAB /* SearchViewController.swift */ = {isa = PBXFileReference; lastKnownFileType = sourcecode.swift; path = SearchViewController.swift; sourceTree = "<group>"; };
		B950DAA41D814B9A008D7EAB /* Base */ = {isa = PBXFileReference; lastKnownFileType = file.storyboard; name = Base; path = Base.lproj/Main.storyboard; sourceTree = "<group>"; };
		B950DAA61D814B9A008D7EAB /* Assets.xcassets */ = {isa = PBXFileReference; lastKnownFileType = folder.assetcatalog; path = Assets.xcassets; sourceTree = "<group>"; };
		B950DAA91D814B9A008D7EAB /* Base */ = {isa = PBXFileReference; lastKnownFileType = file.storyboard; name = Base; path = Base.lproj/LaunchScreen.storyboard; sourceTree = "<group>"; };
		B950DAAB1D814B9A008D7EAB /* Info.plist */ = {isa = PBXFileReference; lastKnownFileType = text.plist.xml; path = Info.plist; sourceTree = "<group>"; };
		B950DAB11D8159CA008D7EAB /* SearchResult.swift */ = {isa = PBXFileReference; fileEncoding = 4; lastKnownFileType = sourcecode.swift; path = SearchResult.swift; sourceTree = "<group>"; };
/* End PBXFileReference section */

/* Begin PBXFrameworksBuildPhase section */
		B950DA991D814B9A008D7EAB /* Frameworks */ = {
			isa = PBXFrameworksBuildPhase;
			buildActionMask = 2147483647;
			files = (
			);
			runOnlyForDeploymentPostprocessing = 0;
		};
/* End PBXFrameworksBuildPhase section */

/* Begin PBXGroup section */
		B950DA931D814B9A008D7EAB = {
			isa = PBXGroup;
			children = (
				B950DA9E1D814B9A008D7EAB /* StoreSearch */,
				B950DA9D1D814B9A008D7EAB /* Products */,
			);
			sourceTree = "<group>";
		};
		B950DA9D1D814B9A008D7EAB /* Products */ = {
			isa = PBXGroup;
			children = (
				B950DA9C1D814B9A008D7EAB /* StoreSearch.app */,
			);
			name = Products;
			sourceTree = "<group>";
		};
		B950DA9E1D814B9A008D7EAB /* StoreSearch */ = {
			isa = PBXGroup;
			children = (
				B950DA9F1D814B9A008D7EAB /* AppDelegate.swift */,
				B950DAA11D814B9A008D7EAB /* SearchViewController.swift */,
				B950DAA31D814B9A008D7EAB /* Main.storyboard */,
				B950DAA61D814B9A008D7EAB /* Assets.xcassets */,
				B950DAA81D814B9A008D7EAB /* LaunchScreen.storyboard */,
				B950DAAB1D814B9A008D7EAB /* Info.plist */,
				B950DAB11D8159CA008D7EAB /* SearchResult.swift */,
			);
			path = StoreSearch;
			sourceTree = "<group>";
		};
/* End PBXGroup section */

/* Begin PBXNativeTarget section */
		B950DA9B1D814B9A008D7EAB /* StoreSearch */ = {
			isa = PBXNativeTarget;
			buildConfigurationList = B950DAAE1D814B9A008D7EAB /* Build configuration list for PBXNativeTarget "StoreSearch" */;
			buildPhases = (
				B950DA981D814B9A008D7EAB /* Sources */,
				B950DA991D814B9A008D7EAB /* Frameworks */,
				B950DA9A1D814B9A008D7EAB /* Resources */,
			);
			buildRules = (
			);
			dependencies = (
			);
			name = StoreSearch;
			productName = StoreSearch;
			productReference = B950DA9C1D814B9A008D7EAB /* StoreSearch.app */;
			productType = "com.apple.product-type.application";
		};
/* End PBXNativeTarget section */

/* Begin PBXProject section */
		B950DA941D814B9A008D7EAB /* Project object */ = {
			isa = PBXProject;
			attributes = {
				LastSwiftUpdateCheck = 0730;
				LastUpgradeCheck = 0730;
				ORGANIZATIONNAME = BusinessTraining;
				TargetAttributes = {
					B950DA9B1D814B9A008D7EAB = {
						CreatedOnToolsVersion = 7.3.1;
					};
				};
			};
			buildConfigurationList = B950DA971D814B9A008D7EAB /* Build configuration list for PBXProject "StoreSearch" */;
			compatibilityVersion = "Xcode 3.2";
			developmentRegion = English;
			hasScannedForEncodings = 0;
			knownRegions = (
				en,
				Base,
			);
			mainGroup = B950DA931D814B9A008D7EAB;
			productRefGroup = B950DA9D1D814B9A008D7EAB /* Products */;
			projectDirPath = "";
			projectRoot = "";
			targets = (
				B950DA9B1D814B9A008D7EAB /* StoreSearch */,
			);
		};
/* End PBXProject section */

/* Begin PBXResourcesBuildPhase section */
		B950DA9A1D814B9A008D7EAB /* Resources */ = {
			isa = PBXResourcesBuildPhase;
			buildActionMask = 2147483647;
			files = (
				B950DAAA1D814B9A008D7EAB /* LaunchScreen.storyboard in Resources */,
				B950DAA71D814B9A008D7EAB /* Assets.xcassets in Resources */,
				B950DAA51D814B9A008D7EAB /* Main.storyboard in Resources */,
			);
			runOnlyForDeploymentPostprocessing = 0;
		};
/* End PBXResourcesBuildPhase section */

/* Begin PBXSourcesBuildPhase section */
		B950DA981D814B9A008D7EAB /* Sources */ = {
			isa = PBXSourcesBuildPhase;
			buildActionMask = 2147483647;
			files = (
				B950DAA21D814B9A008D7EAB /* SearchViewController.swift in Sources */,
				B950DAB21D8159CA008D7EAB /* SearchResult.swift in Sources */,
				B950DAA01D814B9A008D7EAB /* AppDelegate.swift in Sources */,
			);
			runOnlyForDeploymentPostprocessing = 0;
		};
/* End PBXSourcesBuildPhase section */

/* Begin PBXVariantGroup section */
		B950DAA31D814B9A008D7EAB /* Main.storyboard */ = {
			isa = PBXVariantGroup;
			children = (
				B950DAA41D814B9A008D7EAB /* Base */,
			);
			name = Main.storyboard;
			sourceTree = "<group>";
		};
		B950DAA81D814B9A008D7EAB /* LaunchScreen.storyboard */ = {
			isa = PBXVariantGroup;
			children = (
				B950DAA91D814B9A008D7EAB /* Base */,
			);
			name = LaunchScreen.storyboard;
			sourceTree = "<group>";
		};
/* End PBXVariantGroup section */

/* Begin XCBuildConfiguration section */
		B950DAAC1D814B9A008D7EAB /* Debug */ = {
			isa = XCBuildConfiguration;
			buildSettings = {
				ALWAYS_SEARCH_USER_PATHS = NO;
				CLANG_ANALYZER_NONNULL = YES;
				CLANG_CXX_LANGUAGE_STANDARD = "gnu++0x";
				CLANG_CXX_LIBRARY = "libc++";
				CLANG_ENABLE_MODULES = YES;
				CLANG_ENABLE_OBJC_ARC = YES;
				CLANG_WARN_BOOL_CONVERSION = YES;
				CLANG_WARN_CONSTANT_CONVERSION = YES;
				CLANG_WARN_DIRECT_OBJC_ISA_USAGE = YES_ERROR;
				CLANG_WARN_EMPTY_BODY = YES;
				CLANG_WARN_ENUM_CONVERSION = YES;
				CLANG_WARN_INT_CONVERSION = YES;
				CLANG_WARN_OBJC_ROOT_CLASS = YES_ERROR;
				CLANG_WARN_UNREACHABLE_CODE = YES;
				CLANG_WARN__DUPLICATE_METHOD_MATCH = YES;
				"CODE_SIGN_IDENTITY[sdk=iphoneos*]" = "iPhone Developer";
				COPY_PHASE_STRIP = NO;
				DEBUG_INFORMATION_FORMAT = dwarf;
				ENABLE_STRICT_OBJC_MSGSEND = YES;
				ENABLE_TESTABILITY = YES;
				GCC_C_LANGUAGE_STANDARD = gnu99;
				GCC_DYNAMIC_NO_PIC = NO;
				GCC_NO_COMMON_BLOCKS = YES;
				GCC_OPTIMIZATION_LEVEL = 0;
				GCC_PREPROCESSOR_DEFINITIONS = (
					"DEBUG=1",
					"$(inherited)",
				);
				GCC_WARN_64_TO_32_BIT_CONVERSION = YES;
				GCC_WARN_ABOUT_RETURN_TYPE = YES_ERROR;
				GCC_WARN_UNDECLARED_SELECTOR = YES;
				GCC_WARN_UNINITIALIZED_AUTOS = YES_AGGRESSIVE;
				GCC_WARN_UNUSED_FUNCTION = YES;
				GCC_WARN_UNUSED_VARIABLE = YES;
				IPHONEOS_DEPLOYMENT_TARGET = 9.3;
				MTL_ENABLE_DEBUG_INFO = YES;
				ONLY_ACTIVE_ARCH = YES;
				SDKROOT = iphoneos;
				SWIFT_OPTIMIZATION_LEVEL = "-Onone";
			};
			name = Debug;
		};
		B950DAAD1D814B9A008D7EAB /* Release */ = {
			isa = XCBuildConfiguration;
			buildSettings = {
				ALWAYS_SEARCH_USER_PATHS = NO;
				CLANG_ANALYZER_NONNULL = YES;
				CLANG_CXX_LANGUAGE_STANDARD = "gnu++0x";
				CLANG_CXX_LIBRARY = "libc++";
				CLANG_ENABLE_MODULES = YES;
				CLANG_ENABLE_OBJC_ARC = YES;
				CLANG_WARN_BOOL_CONVERSION = YES;
				CLANG_WARN_CONSTANT_CONVERSION = YES;
				CLANG_WARN_DIRECT_OBJC_ISA_USAGE = YES_ERROR;
				CLANG_WARN_EMPTY_BODY = YES;
				CLANG_WARN_ENUM_CONVERSION = YES;
				CLANG_WARN_INT_CONVERSION = YES;
				CLANG_WARN_OBJC_ROOT_CLASS = YES_ERROR;
				CLANG_WARN_UNREACHABLE_CODE = YES;
				CLANG_WARN__DUPLICATE_METHOD_MATCH = YES;
				"CODE_SIGN_IDENTITY[sdk=iphoneos*]" = "iPhone Developer";
				COPY_PHASE_STRIP = NO;
				DEBUG_INFORMATION_FORMAT = "dwarf-with-dsym";
				ENABLE_NS_ASSERTIONS = NO;
				ENABLE_STRICT_OBJC_MSGSEND = YES;
				GCC_C_LANGUAGE_STANDARD = gnu99;
				GCC_NO_COMMON_BLOCKS = YES;
				GCC_WARN_64_TO_32_BIT_CONVERSION = YES;
				GCC_WARN_ABOUT_RETURN_TYPE = YES_ERROR;
				GCC_WARN_UNDECLARED_SELECTOR = YES;
				GCC_WARN_UNINITIALIZED_AUTOS = YES_AGGRESSIVE;
				GCC_WARN_UNUSED_FUNCTION = YES;
				GCC_WARN_UNUSED_VARIABLE = YES;
				IPHONEOS_DEPLOYMENT_TARGET = 9.3;
				MTL_ENABLE_DEBUG_INFO = NO;
				SDKROOT = iphoneos;
				VALIDATE_PRODUCT = YES;
			};
			name = Release;
		};
		B950DAAF1D814B9A008D7EAB /* Debug */ = {
			isa = XCBuildConfiguration;
			buildSettings = {
				ASSETCATALOG_COMPILER_APPICON_NAME = AppIcon;
				INFOPLIST_FILE = StoreSearch/Info.plist;
				LD_RUNPATH_SEARCH_PATHS = "$(inherited) @executable_path/Frameworks";
				PRODUCT_BUNDLE_IDENTIFIER = be.businesstraining.StoreSearch;
				PRODUCT_NAME = "$(TARGET_NAME)";
			};
			name = Debug;
		};
		B950DAB01D814B9A008D7EAB /* Release */ = {
			isa = XCBuildConfiguration;
			buildSettings = {
				ASSETCATALOG_COMPILER_APPICON_NAME = AppIcon;
				INFOPLIST_FILE = StoreSearch/Info.plist;
				LD_RUNPATH_SEARCH_PATHS = "$(inherited) @executable_path/Frameworks";
				PRODUCT_BUNDLE_IDENTIFIER = be.businesstraining.StoreSearch;
				PRODUCT_NAME = "$(TARGET_NAME)";
			};
			name = Release;
		};
/* End XCBuildConfiguration section */

/* Begin XCConfigurationList section */
		B950DA971D814B9A008D7EAB /* Build configuration list for PBXProject "StoreSearch" */ = {
			isa = XCConfigurationList;
			buildConfigurations = (
				B950DAAC1D814B9A008D7EAB /* Debug */,
				B950DAAD1D814B9A008D7EAB /* Release */,
			);
			defaultConfigurationIsVisible = 0;
			defaultConfigurationName = Release;
		};
		B950DAAE1D814B9A008D7EAB /* Build configuration list for PBXNativeTarget "StoreSearch" */ = {
			isa = XCConfigurationList;
			buildConfigurations = (
				B950DAAF1D814B9A008D7EAB /* Debug */,
				B950DAB01D814B9A008D7EAB /* Release */,
			);
			defaultConfigurationIsVisible = 0;
		};
/* End XCConfigurationList section */
	};
	rootObject = B950DA941D814B9A008D7EAB /* Project object */;
}
